Microsoft Visual Studio Solution File, Format Version 12.00
# Visual Studio Version 16
VisualStudioVersion = 16.0.34407.143
MinimumVisualStudioVersion = 10.0.40219.1
Project("{FAE04EC0-301F-11D3-BF4B-00C04F79EFBC}") = "MainViewWinForms", "MainViewWinForms\MainViewWinForms.csproj", "{7DD561F9-6B1F-4CB0-A517-F0D90BF354C7}"
EndProject
Project("{FAE04EC0-301F-11D3-BF4B-00C04F79EFBC}") = "RccAppDataModels", "RccAppDataModels\RccAppDataModels.csproj", "{BB5627BF-7539-4052-ADFC-C9603A38E13A}"
EndProject
Project("{FAE04EC0-301F-11D3-BF4B-00C04F79EFBC}") = "NCounterCore", "NCounterCore\NCounterCore.csproj", "{EBA9B13B-8E41-4FBD-9654-034A3E1A02A4}"
EndProject
Project("{FAE04EC0-301F-11D3-BF4B-00C04F79EFBC}") = "MessageCenter", "MessageCenter\MessageCenter.csproj", "{CA1A742E-4786-4560-8AC9-14A8DE6DC91E}"
EndProject
Global
	GlobalSection(SolutionConfigurationPlatforms) = preSolution
		Debug|Any CPU = Debug|Any CPU
		Release|Any CPU = Release|Any CPU
	EndGlobalSection
	GlobalSection(ProjectConfigurationPlatforms) = postSolution
		{7DD561F9-6B1F-4CB0-A517-F0D90BF354C7}.Debug|Any CPU.ActiveCfg = Debug|Any CPU
		{7DD561F9-6B1F-4CB0-A517-F0D90BF354C7}.Debug|Any CPU.Build.0 = Debug|Any CPU
		{7DD561F9-6B1F-4CB0-A517-F0D90BF354C7}.Release|Any CPU.ActiveCfg = Release|Any CPU
		{7DD561F9-6B1F-4CB0-A517-F0D90BF354C7}.Release|Any CPU.Build.0 = Release|Any CPU
		{BB5627BF-7539-4052-ADFC-C9603A38E13A}.Debug|Any CPU.ActiveCfg = Debug|Any CPU
		{BB5627BF-7539-4052-ADFC-C9603A38E13A}.Debug|Any CPU.Build.0 = Debug|Any CPU
		{BB5627BF-7539-4052-ADFC-C9603A38E13A}.Release|Any CPU.ActiveCfg = Release|Any CPU
		{BB5627BF-7539-4052-ADFC-C9603A38E13A}.Release|Any CPU.Build.0 = Release|Any CPU
		{EBA9B13B-8E41-4FBD-9654-034A3E1A02A4}.Debug|Any CPU.ActiveCfg = Debug|Any CPU
		{EBA9B13B-8E41-4FBD-9654-034A3E1A02A4}.Debug|Any CPU.Build.0 = Debug|Any CPU
		{EBA9B13B-8E41-4FBD-9654-034A3E1A02A4}.Release|Any CPU.ActiveCfg = Release|Any CPU
		{EBA9B13B-8E41-4FBD-9654-034A3E1A02A4}.Release|Any CPU.Build.0 = Release|Any CPU
		{CA1A742E-4786-4560-8AC9-14A8DE6DC91E}.Debug|Any CPU.ActiveCfg = Debug|Any CPU
		{CA1A742E-4786-4560-8AC9-14A8DE6DC91E}.Debug|Any CPU.Build.0 = Debug|Any CPU
		{CA1A742E-4786-4560-8AC9-14A8DE6DC91E}.Release|Any CPU.ActiveCfg = Release|Any CPU
		{CA1A742E-4786-4560-8AC9-14A8DE6DC91E}.Release|Any CPU.Build.0 = Release|Any CPU
	EndGlobalSection
	GlobalSection(SolutionProperties) = preSolution
		HideSolutionNode = FALSE
	EndGlobalSection
	GlobalSection(ExtensibilityGlobals) = postSolution
		SolutionGuid = {A56F4D06-0D3F-4ACB-9D90-E98060029E37}
	EndGlobalSection
EndGlobal
